
Microsoft Visual Studio Solution File, Format Version 11.00
# Visual C# Express 2010
Project("{FAE04EC0-301F-11D3-BF4B-00C04F79EFBC}") = "Дракон и рыцарь", "Дракон и рыцарь\Дракон и рыцарь.csproj", "{8E8986E9-E61D-4AA8-BEE9-E7170DE5B830}"
EndProject
Global
	GlobalSection(SolutionConfigurationPlatforms) = preSolution
		Debug|x86 = Debug|x86
		Release|x86 = Release|x86
	EndGlobalSection
	GlobalSection(ProjectConfigurationPlatforms) = postSolution
		{8E8986E9-E61D-4AA8-BEE9-E7170DE5B830}.Debug|x86.ActiveCfg = Debug|x86
		{8E8986E9-E61D-4AA8-BEE9-E7170DE5B830}.Debug|x86.Build.0 = Debug|x86
		{8E8986E9-E61D-4AA8-BEE9-E7170DE5B830}.Release|x86.ActiveCfg = Release|x86
		{8E8986E9-E61D-4AA8-BEE9-E7170DE5B830}.Release|x86.Build.0 = Release|x86
	EndGlobalSection
	GlobalSection(SolutionProperties) = preSolution
		HideSolutionNode = FALSE
	EndGlobalSection
EndGlobal
